{
  "name": "berlin-cli",
  "version": "0.1.7",
  "lockfileVersion": 1,
  "requires": true,
  "dependencies": {
    "berlin-lang": {
      "version": "0.1.11",
      "resolved": "https://registry.npmjs.org/berlin-lang/-/berlin-lang-0.1.11.tgz",
      "integrity": "sha512-I6LJmBF6SQhH7Wj/Jkr5S6gWRaRL9shGTL9wKUXm2PfQbcRKvGF4pOuw/9IStAuYAPsa+j6IG0bEVITQ+Unx+g=="
    }
  }
}
