{
  "name": "berlin-cli",
  "version": "0.1.8",
  "lockfileVersion": 1,
  "requires": true,
  "dependencies": {
    "berlin-lang": {
      "version": "0.1.14",
      "resolved": "https://registry.npmjs.org/berlin-lang/-/berlin-lang-0.1.14.tgz",
      "integrity": "sha512-IfrODrqqjtlpzLaZiHaUTGn4NeII3u6trD4zUmk0dCGDUObWuDCzGC+2Jh8WVpQ2GRzNzz72b7bpm2Ts6wj9qA=="
    }
  }
}
