{
  "name": "berlin-cli",
  "version": "0.1.10",
  "lockfileVersion": 1,
  "requires": true,
  "dependencies": {
    "berlin-lang": {
      "version": "0.1.22",
      "resolved": "https://registry.npmjs.org/berlin-lang/-/berlin-lang-0.1.22.tgz",
      "integrity": "sha512-npgQK+A6FwiFqT6zEuaA+VvB3jJlSolU3ykhUphb9cSL7JF3EIRVrnLEkGFVpsEamwTbajBscfqLNQee77bE6Q=="
    }
  }
}
